
Microsoft Visual Studio Solution File, Format Version 12.00
# Visual Studio Version 16
VisualStudioVersion = 16.0.30621.155
MinimumVisualStudioVersion = 10.0.40219.1
Project("{9A19103F-16F7-4668-BE54-9A1E7A4F7556}") = "OnSale.Commom", "OnSale.Commom\OnSale.Commom.csproj", "{C1F36447-2A2A-4B2F-93AF-0F0254AD7BB4}"
EndProject
Project("{9A19103F-16F7-4668-BE54-9A1E7A4F7556}") = "OnSale.Web", "OnSale.Web\OnSale.Web.csproj", "{395558A2-8E69-4207-9280-7FC38EF29CD3}"
EndProject
Project("{FAE04EC0-301F-11D3-BF4B-00C04F79EFBC}") = "OnSale.Prism", "OnSale.Prism\OnSale.Prism\OnSale.Prism.csproj", "{D0A0AE7D-6E25-4EE4-BB7E-1240D948A631}"
EndProject
Project("{FAE04EC0-301F-11D3-BF4B-00C04F79EFBC}") = "OnSale.Prism.Android", "OnSale.Prism\OnSale.Prism.Android\OnSale.Prism.Android.csproj", "{11D48120-7E99-4641-88B5-3787E477C3F1}"
EndProject
Project("{FAE04EC0-301F-11D3-BF4B-00C04F79EFBC}") = "OnSale.Prism.iOS", "OnSale.Prism\OnSale.Prism.iOS\OnSale.Prism.iOS.csproj", "{428BC9FC-B657-4FD1-B6AF-86063DAE73D9}"
EndProject
Global
	GlobalSection(SolutionConfigurationPlatforms) = preSolution
		Ad-Hoc|Any CPU = Ad-Hoc|Any CPU
		Ad-Hoc|iPhone = Ad-Hoc|iPhone
		Ad-Hoc|iPhoneSimulator = Ad-Hoc|iPhoneSimulator
		AppStore|Any CPU = AppStore|Any CPU
		AppStore|iPhone = AppStore|iPhone
		AppStore|iPhoneSimulator = AppStore|iPhoneSimulator
		Debug|Any CPU = Debug|Any CPU
		Debug|iPhone = Debug|iPhone
		Debug|iPhoneSimulator = Debug|iPhoneSimulator
		Release|Any CPU = Release|Any CPU
		Release|iPhone = Release|iPhone
		Release|iPhoneSimulator = Release|iPhoneSimulator
	EndGlobalSection
	GlobalSection(ProjectConfigurationPlatforms) = postSolution
		{C1F36447-2A2A-4B2F-93AF-0F0254AD7BB4}.Ad-Hoc|Any CPU.ActiveCfg = Release|Any CPU
		{C1F36447-2A2A-4B2F-93AF-0F0254AD7BB4}.Ad-Hoc|Any CPU.Build.0 = Release|Any CPU
		{C1F36447-2A2A-4B2F-93AF-0F0254AD7BB4}.Ad-Hoc|iPhone.ActiveCfg = Release|Any CPU
		{C1F36447-2A2A-4B2F-93AF-0F0254AD7BB4}.Ad-Hoc|iPhone.Build.0 = Release|Any CPU
		{C1F36447-2A2A-4B2F-93AF-0F0254AD7BB4}.Ad-Hoc|iPhoneSimulator.ActiveCfg = Release|Any CPU
		{C1F36447-2A2A-4B2F-93AF-0F0254AD7BB4}.Ad-Hoc|iPhoneSimulator.Build.0 = Release|Any CPU
		{C1F36447-2A2A-4B2F-93AF-0F0254AD7BB4}.AppStore|Any CPU.ActiveCfg = Release|Any CPU
		{C1F36447-2A2A-4B2F-93AF-0F0254AD7BB4}.AppStore|Any CPU.Build.0 = Release|Any CPU
		{C1F36447-2A2A-4B2F-93AF-0F0254AD7BB4}.AppStore|iPhone.ActiveCfg = Release|Any CPU
		{C1F36447-2A2A-4B2F-93AF-0F0254AD7BB4}.AppStore|iPhone.Build.0 = Release|Any CPU
		{C1F36447-2A2A-4B2F-93AF-0F0254AD7BB4}.AppStore|iPhoneSimulator.ActiveCfg = Release|Any CPU
		{C1F36447-2A2A-4B2F-93AF-0F0254AD7BB4}.AppStore|iPhoneSimulator.Build.0 = Release|Any CPU
		{C1F36447-2A2A-4B2F-93AF-0F0254AD7BB4}.Debug|Any CPU.ActiveCfg = Debug|Any CPU
		{C1F36447-2A2A-4B2F-93AF-0F0254AD7BB4}.Debug|Any CPU.Build.0 = Debug|Any CPU
		{C1F36447-2A2A-4B2F-93AF-0F0254AD7BB4}.Debug|iPhone.ActiveCfg = Debug|Any CPU
		{C1F36447-2A2A-4B2F-93AF-0F0254AD7BB4}.Debug|iPhone.Build.0 = Debug|Any CPU
		{C1F36447-2A2A-4B2F-93AF-0F0254AD7BB4}.Debug|iPhoneSimulator.ActiveCfg = Debug|Any CPU
		{C1F36447-2A2A-4B2F-93AF-0F0254AD7BB4}.Debug|iPhoneSimulator.Build.0 = Debug|Any CPU
		{C1F36447-2A2A-4B2F-93AF-0F0254AD7BB4}.Release|Any CPU.ActiveCfg = Release|Any CPU
		{C1F36447-2A2A-4B2F-93AF-0F0254AD7BB4}.Release|Any CPU.Build.0 = Release|Any CPU
		{C1F36447-2A2A-4B2F-93AF-0F0254AD7BB4}.Release|iPhone.ActiveCfg = Release|Any CPU
		{C1F36447-2A2A-4B2F-93AF-0F0254AD7BB4}.Release|iPhone.Build.0 = Release|Any CPU
		{C1F36447-2A2A-4B2F-93AF-0F0254AD7BB4}.Release|iPhoneSimulator.ActiveCfg = Release|Any CPU
		{C1F36447-2A2A-4B2F-93AF-0F0254AD7BB4}.Release|iPhoneSimulator.Build.0 = Release|Any CPU
		{395558A2-8E69-4207-9280-7FC38EF29CD3}.Ad-Hoc|Any CPU.ActiveCfg = Release|Any CPU
		{395558A2-8E69-4207-9280-7FC38EF29CD3}.Ad-Hoc|Any CPU.Build.0 = Release|Any CPU
		{395558A2-8E69-4207-9280-7FC38EF29CD3}.Ad-Hoc|iPhone.ActiveCfg = Release|Any CPU
		{395558A2-8E69-4207-9280-7FC38EF29CD3}.Ad-Hoc|iPhone.Build.0 = Release|Any CPU
		{395558A2-8E69-4207-9280-7FC38EF29CD3}.Ad-Hoc|iPhoneSimulator.ActiveCfg = Release|Any CPU
		{395558A2-8E69-4207-9280-7FC38EF29CD3}.Ad-Hoc|iPhoneSimulator.Build.0 = Release|Any CPU
		{395558A2-8E69-4207-9280-7FC38EF29CD3}.AppStore|Any CPU.ActiveCfg = Release|Any CPU
		{395558A2-8E69-4207-9280-7FC38EF29CD3}.AppStore|Any CPU.Build.0 = Release|Any CPU
		{395558A2-8E69-4207-9280-7FC38EF29CD3}.AppStore|iPhone.ActiveCfg = Release|Any CPU
		{395558A2-8E69-4207-9280-7FC38EF29CD3}.AppStore|iPhone.Build.0 = Release|Any CPU
		{395558A2-8E69-4207-9280-7FC38EF29CD3}.AppStore|iPhoneSimulator.ActiveCfg = Release|Any CPU
		{395558A2-8E69-4207-9280-7FC38EF29CD3}.AppStore|iPhoneSimulator.Build.0 = Release|Any CPU
		{395558A2-8E69-4207-9280-7FC38EF29CD3}.Debug|Any CPU.ActiveCfg = Debug|Any CPU
		{395558A2-8E69-4207-9280-7FC38EF29CD3}.Debug|Any CPU.Build.0 = Debug|Any CPU
		{395558A2-8E69-4207-9280-7FC38EF29CD3}.Debug|iPhone.ActiveCfg = Debug|Any CPU
		{395558A2-8E69-4207-9280-7FC38EF29CD3}.Debug|iPhone.Build.0 = Debug|Any CPU
		{395558A2-8E69-4207-9280-7FC38EF29CD3}.Debug|iPhoneSimulator.ActiveCfg = Debug|Any CPU
		{395558A2-8E69-4207-9280-7FC38EF29CD3}.Debug|iPhoneSimulator.Build.0 = Debug|Any CPU
		{395558A2-8E69-4207-9280-7FC38EF29CD3}.Release|Any CPU.ActiveCfg = Release|Any CPU
		{395558A2-8E69-4207-9280-7FC38EF29CD3}.Release|Any CPU.Build.0 = Release|Any CPU
		{395558A2-8E69-4207-9280-7FC38EF29CD3}.Release|iPhone.ActiveCfg = Release|Any CPU
		{395558A2-8E69-4207-9280-7FC38EF29CD3}.Release|iPhone.Build.0 = Release|Any CPU
		{395558A2-8E69-4207-9280-7FC38EF29CD3}.Release|iPhoneSimulator.ActiveCfg = Release|Any CPU
		{395558A2-8E69-4207-9280-7FC38EF29CD3}.Release|iPhoneSimulator.Build.0 = Release|Any CPU
		{D0A0AE7D-6E25-4EE4-BB7E-1240D948A631}.Ad-Hoc|Any CPU.ActiveCfg = Debug|Any CPU
		{D0A0AE7D-6E25-4EE4-BB7E-1240D948A631}.Ad-Hoc|Any CPU.Build.0 = Debug|Any CPU
		{D0A0AE7D-6E25-4EE4-BB7E-1240D948A631}.Ad-Hoc|iPhone.ActiveCfg = Debug|Any CPU
		{D0A0AE7D-6E25-4EE4-BB7E-1240D948A631}.Ad-Hoc|iPhone.Build.0 = Debug|Any CPU
		{D0A0AE7D-6E25-4EE4-BB7E-1240D948A631}.Ad-Hoc|iPhoneSimulator.ActiveCfg = Debug|Any CPU
		{D0A0AE7D-6E25-4EE4-BB7E-1240D948A631}.Ad-Hoc|iPhoneSimulator.Build.0 = Debug|Any CPU
		{D0A0AE7D-6E25-4EE4-BB7E-1240D948A631}.AppStore|Any CPU.ActiveCfg = Debug|Any CPU
		{D0A0AE7D-6E25-4EE4-BB7E-1240D948A631}.AppStore|Any CPU.Build.0 = Debug|Any CPU
		{D0A0AE7D-6E25-4EE4-BB7E-1240D948A631}.AppStore|iPhone.ActiveCfg = Debug|Any CPU
		{D0A0AE7D-6E25-4EE4-BB7E-1240D948A631}.AppStore|iPhone.Build.0 = Debug|Any CPU
		{D0A0AE7D-6E25-4EE4-BB7E-1240D948A631}.AppStore|iPhoneSimulator.ActiveCfg = Debug|Any CPU
		{D0A0AE7D-6E25-4EE4-BB7E-1240D948A631}.AppStore|iPhoneSimulator.Build.0 = Debug|Any CPU
		{D0A0AE7D-6E25-4EE4-BB7E-1240D948A631}.Debug|Any CPU.ActiveCfg = Debug|Any CPU
		{D0A0AE7D-6E25-4EE4-BB7E-1240D948A631}.Debug|Any CPU.Build.0 = Debug|Any CPU
		{D0A0AE7D-6E25-4EE4-BB7E-1240D948A631}.Debug|iPhone.ActiveCfg = Debug|Any CPU
		{D0A0AE7D-6E25-4EE4-BB7E-1240D948A631}.Debug|iPhone.Build.0 = Debug|Any CPU
		{D0A0AE7D-6E25-4EE4-BB7E-1240D948A631}.Debug|iPhoneSimulator.ActiveCfg = Debug|Any CPU
		{D0A0AE7D-6E25-4EE4-BB7E-1240D948A631}.Debug|iPhoneSimulator.Build.0 = Debug|Any CPU
		{D0A0AE7D-6E25-4EE4-BB7E-1240D948A631}.Release|Any CPU.ActiveCfg = Release|Any CPU
		{D0A0AE7D-6E25-4EE4-BB7E-1240D948A631}.Release|Any CPU.Build.0 = Release|Any CPU
		{D0A0AE7D-6E25-4EE4-BB7E-1240D948A631}.Release|iPhone.ActiveCfg = Release|Any CPU
		{D0A0AE7D-6E25-4EE4-BB7E-1240D948A631}.Release|iPhone.Build.0 = Release|Any CPU
		{D0A0AE7D-6E25-4EE4-BB7E-1240D948A631}.Release|iPhoneSimulator.ActiveCfg = Release|Any CPU
		{D0A0AE7D-6E25-4EE4-BB7E-1240D948A631}.Release|iPhoneSimulator.Build.0 = Release|Any CPU
		{11D48120-7E99-4641-88B5-3787E477C3F1}.Ad-Hoc|Any CPU.ActiveCfg = Debug|Any CPU
		{11D48120-7E99-4641-88B5-3787E477C3F1}.Ad-Hoc|Any CPU.Build.0 = Debug|Any CPU
		{11D48120-7E99-4641-88B5-3787E477C3F1}.Ad-Hoc|Any CPU.Deploy.0 = Debug|Any CPU
		{11D48120-7E99-4641-88B5-3787E477C3F1}.Ad-Hoc|iPhone.ActiveCfg = Debug|Any CPU
		{11D48120-7E99-4641-88B5-3787E477C3F1}.Ad-Hoc|iPhone.Build.0 = Debug|Any CPU
		{11D48120-7E99-4641-88B5-3787E477C3F1}.Ad-Hoc|iPhone.Deploy.0 = Debug|Any CPU
		{11D48120-7E99-4641-88B5-3787E477C3F1}.Ad-Hoc|iPhoneSimulator.ActiveCfg = Debug|Any CPU
		{11D48120-7E99-4641-88B5-3787E477C3F1}.Ad-Hoc|iPhoneSimulator.Build.0 = Debug|Any CPU
		{11D48120-7E99-4641-88B5-3787E477C3F1}.Ad-Hoc|iPhoneSimulator.Deploy.0 = Debug|Any CPU
		{11D48120-7E99-4641-88B5-3787E477C3F1}.AppStore|Any CPU.ActiveCfg = Debug|Any CPU
		{11D48120-7E99-4641-88B5-3787E477C3F1}.AppStore|Any CPU.Build.0 = Debug|Any CPU
		{11D48120-7E99-4641-88B5-3787E477C3F1}.AppStore|Any CPU.Deploy.0 = Debug|Any CPU
		{11D48120-7E99-4641-88B5-3787E477C3F1}.AppStore|iPhone.ActiveCfg = Debug|Any CPU
		{11D48120-7E99-4641-88B5-3787E477C3F1}.AppStore|iPhone.Build.0 = Debug|Any CPU
		{11D48120-7E99-4641-88B5-3787E477C3F1}.AppStore|iPhone.Deploy.0 = Debug|Any CPU
		{11D48120-7E99-4641-88B5-3787E477C3F1}.AppStore|iPhoneSimulator.ActiveCfg = Debug|Any CPU
		{11D48120-7E99-4641-88B5-3787E477C3F1}.AppStore|iPhoneSimulator.Build.0 = Debug|Any CPU
		{11D48120-7E99-4641-88B5-3787E477C3F1}.AppStore|iPhoneSimulator.Deploy.0 = Debug|Any CPU
		{11D48120-7E99-4641-88B5-3787E477C3F1}.Debug|Any CPU.ActiveCfg = Debug|Any CPU
		{11D48120-7E99-4641-88B5-3787E477C3F1}.Debug|Any CPU.Build.0 = Debug|Any CPU
		{11D48120-7E99-4641-88B5-3787E477C3F1}.Debug|Any CPU.Deploy.0 = Debug|Any CPU
		{11D48120-7E99-4641-88B5-3787E477C3F1}.Debug|iPhone.ActiveCfg = Debug|Any CPU
		{11D48120-7E99-4641-88B5-3787E477C3F1}.Debug|iPhone.Build.0 = Debug|Any CPU
		{11D48120-7E99-4641-88B5-3787E477C3F1}.Debug|iPhone.Deploy.0 = Debug|Any CPU
		{11D48120-7E99-4641-88B5-3787E477C3F1}.Debug|iPhoneSimulator.ActiveCfg = Debug|Any CPU
		{11D48120-7E99-4641-88B5-3787E477C3F1}.Debug|iPhoneSimulator.Build.0 = Debug|Any CPU
		{11D48120-7E99-4641-88B5-3787E477C3F1}.Debug|iPhoneSimulator.Deploy.0 = Debug|Any CPU
		{11D48120-7E99-4641-88B5-3787E477C3F1}.Release|Any CPU.ActiveCfg = Release|Any CPU
		{11D48120-7E99-4641-88B5-3787E477C3F1}.Release|Any CPU.Build.0 = Release|Any CPU
		{11D48120-7E99-4641-88B5-3787E477C3F1}.Release|Any CPU.Deploy.0 = Release|Any CPU
		{11D48120-7E99-4641-88B5-3787E477C3F1}.Release|iPhone.ActiveCfg = Release|Any CPU
		{11D48120-7E99-4641-88B5-3787E477C3F1}.Release|iPhone.Build.0 = Release|Any CPU
		{11D48120-7E99-4641-88B5-3787E477C3F1}.Release|iPhone.Deploy.0 = Release|Any CPU
		{11D48120-7E99-4641-88B5-3787E477C3F1}.Release|iPhoneSimulator.ActiveCfg = Release|Any CPU
		{11D48120-7E99-4641-88B5-3787E477C3F1}.Release|iPhoneSimulator.Build.0 = Release|Any CPU
		{11D48120-7E99-4641-88B5-3787E477C3F1}.Release|iPhoneSimulator.Deploy.0 = Release|Any CPU
		{428BC9FC-B657-4FD1-B6AF-86063DAE73D9}.Ad-Hoc|Any CPU.ActiveCfg = Ad-Hoc|iPhoneSimulator
		{428BC9FC-B657-4FD1-B6AF-86063DAE73D9}.Ad-Hoc|iPhone.ActiveCfg = Ad-Hoc|iPhone
		{428BC9FC-B657-4FD1-B6AF-86063DAE73D9}.Ad-Hoc|iPhone.Build.0 = Ad-Hoc|iPhone
		{428BC9FC-B657-4FD1-B6AF-86063DAE73D9}.Ad-Hoc|iPhoneSimulator.ActiveCfg = Ad-Hoc|iPhoneSimulator
		{428BC9FC-B657-4FD1-B6AF-86063DAE73D9}.Ad-Hoc|iPhoneSimulator.Build.0 = Ad-Hoc|iPhoneSimulator
		{428BC9FC-B657-4FD1-B6AF-86063DAE73D9}.AppStore|Any CPU.ActiveCfg = AppStore|iPhoneSimulator
		{428BC9FC-B657-4FD1-B6AF-86063DAE73D9}.AppStore|iPhone.ActiveCfg = AppStore|iPhone
		{428BC9FC-B657-4FD1-B6AF-86063DAE73D9}.AppStore|iPhone.Build.0 = AppStore|iPhone
		{428BC9FC-B657-4FD1-B6AF-86063DAE73D9}.AppStore|iPhoneSimulator.ActiveCfg = AppStore|iPhoneSimulator
		{428BC9FC-B657-4FD1-B6AF-86063DAE73D9}.AppStore|iPhoneSimulator.Build.0 = AppStore|iPhoneSimulator
		{428BC9FC-B657-4FD1-B6AF-86063DAE73D9}.Debug|Any CPU.ActiveCfg = Debug|iPhoneSimulator
		{428BC9FC-B657-4FD1-B6AF-86063DAE73D9}.Debug|iPhone.ActiveCfg = Debug|iPhone
		{428BC9FC-B657-4FD1-B6AF-86063DAE73D9}.Debug|iPhone.Build.0 = Debug|iPhone
		{428BC9FC-B657-4FD1-B6AF-86063DAE73D9}.Debug|iPhoneSimulator.ActiveCfg = Debug|iPhoneSimulator
		{428BC9FC-B657-4FD1-B6AF-86063DAE73D9}.Debug|iPhoneSimulator.Build.0 = Debug|iPhoneSimulator
		{428BC9FC-B657-4FD1-B6AF-86063DAE73D9}.Release|Any CPU.ActiveCfg = Release|iPhoneSimulator
		{428BC9FC-B657-4FD1-B6AF-86063DAE73D9}.Release|iPhone.ActiveCfg = Release|iPhone
		{428BC9FC-B657-4FD1-B6AF-86063DAE73D9}.Release|iPhone.Build.0 = Release|iPhone
		{428BC9FC-B657-4FD1-B6AF-86063DAE73D9}.Release|iPhoneSimulator.ActiveCfg = Release|iPhoneSimulator
		{428BC9FC-B657-4FD1-B6AF-86063DAE73D9}.Release|iPhoneSimulator.Build.0 = Release|iPhoneSimulator
	EndGlobalSection
	GlobalSection(SolutionProperties) = preSolution
		HideSolutionNode = FALSE
	EndGlobalSection
	GlobalSection(ExtensibilityGlobals) = postSolution
		SolutionGuid = {5AEB0788-7B4D-4F0E-8F4B-FAA24A976DCD}
	EndGlobalSection
EndGlobal
