
Microsoft Visual Studio Solution File, Format Version 12.00
# Visual Studio Version 16
VisualStudioVersion = 16.0.30621.155
MinimumVisualStudioVersion = 10.0.40219.1
Project("{FAE04EC0-301F-11D3-BF4B-00C04F79EFBC}") = "OnSale.Commom", "OnSale.Commom\OnSale.Commom.csproj", "{C1F36447-2A2A-4B2F-93AF-0F0254AD7BB4}"
EndProject
Project("{FAE04EC0-301F-11D3-BF4B-00C04F79EFBC}") = "OnSale.Web", "OnSale.Web\OnSale.Web.csproj", "{395558A2-8E69-4207-9280-7FC38EF29CD3}"
EndProject
Global
	GlobalSection(SolutionConfigurationPlatforms) = preSolution
		Debug|Any CPU = Debug|Any CPU
		Release|Any CPU = Release|Any CPU
	EndGlobalSection
	GlobalSection(ProjectConfigurationPlatforms) = postSolution
		{C1F36447-2A2A-4B2F-93AF-0F0254AD7BB4}.Debug|Any CPU.ActiveCfg = Debug|Any CPU
		{C1F36447-2A2A-4B2F-93AF-0F0254AD7BB4}.Debug|Any CPU.Build.0 = Debug|Any CPU
		{C1F36447-2A2A-4B2F-93AF-0F0254AD7BB4}.Release|Any CPU.ActiveCfg = Release|Any CPU
		{C1F36447-2A2A-4B2F-93AF-0F0254AD7BB4}.Release|Any CPU.Build.0 = Release|Any CPU
		{395558A2-8E69-4207-9280-7FC38EF29CD3}.Debug|Any CPU.ActiveCfg = Debug|Any CPU
		{395558A2-8E69-4207-9280-7FC38EF29CD3}.Debug|Any CPU.Build.0 = Debug|Any CPU
		{395558A2-8E69-4207-9280-7FC38EF29CD3}.Release|Any CPU.ActiveCfg = Release|Any CPU
		{395558A2-8E69-4207-9280-7FC38EF29CD3}.Release|Any CPU.Build.0 = Release|Any CPU
	EndGlobalSection
	GlobalSection(SolutionProperties) = preSolution
		HideSolutionNode = FALSE
	EndGlobalSection
	GlobalSection(ExtensibilityGlobals) = postSolution
		SolutionGuid = {5AEB0788-7B4D-4F0E-8F4B-FAA24A976DCD}
	EndGlobalSection
EndGlobal
